// !$*UTF8*$!
{
	archiveVersion = 1;
	classes = {
	};
	objectVersion = 56;
	objects = {

/* Begin PBXBuildFile section */
		5F7B4262291F7606006D263C /* .gitignore in Resources */ = {isa = PBXBuildFile; fileRef = 5F7B4261291F7606006D263C /* .gitignore */; };
		5F7B4264291F7744006D263C /* Questions.swift in Sources */ = {isa = PBXBuildFile; fileRef = 5F7B4263291F7744006D263C /* Questions.swift */; };
		5F7B426B291F7EE6006D263C /* ResultViewController.swift in Sources */ = {isa = PBXBuildFile; fileRef = 5F7B426A291F7EE6006D263C /* ResultViewController.swift */; };
		5FDECA51291E7C7400AF8AFD /* AppDelegate.swift in Sources */ = {isa = PBXBuildFile; fileRef = 5FDECA50291E7C7400AF8AFD /* AppDelegate.swift */; };
		5FDECA53291E7C7400AF8AFD /* SceneDelegate.swift in Sources */ = {isa = PBXBuildFile; fileRef = 5FDECA52291E7C7400AF8AFD /* SceneDelegate.swift */; };
		5FDECA55291E7C7400AF8AFD /* QuestionsViewController.swift in Sources */ = {isa = PBXBuildFile; fileRef = 5FDECA54291E7C7400AF8AFD /* QuestionsViewController.swift */; };
		5FDECA58291E7C7400AF8AFD /* Main.storyboard in Resources */ = {isa = PBXBuildFile; fileRef = 5FDECA56291E7C7400AF8AFD /* Main.storyboard */; };
		5FDECA5A291E7C7400AF8AFD /* Assets.xcassets in Resources */ = {isa = PBXBuildFile; fileRef = 5FDECA59291E7C7400AF8AFD /* Assets.xcassets */; };
		5FDECA5D291E7C7400AF8AFD /* LaunchScreen.storyboard in Resources */ = {isa = PBXBuildFile; fileRef = 5FDECA5B291E7C7400AF8AFD /* LaunchScreen.storyboard */; };
/* End PBXBuildFile section */

/* Begin PBXFileReference section */
		5F7B4261291F7606006D263C /* .gitignore */ = {isa = PBXFileReference; lastKnownFileType = text; path = .gitignore; sourceTree = "<group>"; };
		5F7B4263291F7744006D263C /* Questions.swift */ = {isa = PBXFileReference; lastKnownFileType = sourcecode.swift; path = Questions.swift; sourceTree = "<group>"; };
		5F7B426A291F7EE6006D263C /* ResultViewController.swift */ = {isa = PBXFileReference; lastKnownFileType = sourcecode.swift; path = ResultViewController.swift; sourceTree = "<group>"; };
		5FDECA4D291E7C7400AF8AFD /* PersonalQuiz_HW8.app */ = {isa = PBXFileReference; explicitFileType = wrapper.application; includeInIndex = 0; path = PersonalQuiz_HW8.app; sourceTree = BUILT_PRODUCTS_DIR; };
		5FDECA50291E7C7400AF8AFD /* AppDelegate.swift */ = {isa = PBXFileReference; lastKnownFileType = sourcecode.swift; path = AppDelegate.swift; sourceTree = "<group>"; };
		5FDECA52291E7C7400AF8AFD /* SceneDelegate.swift */ = {isa = PBXFileReference; lastKnownFileType = sourcecode.swift; path = SceneDelegate.swift; sourceTree = "<group>"; };
		5FDECA54291E7C7400AF8AFD /* QuestionsViewController.swift */ = {isa = PBXFileReference; lastKnownFileType = sourcecode.swift; path = QuestionsViewController.swift; sourceTree = "<group>"; };
		5FDECA57291E7C7400AF8AFD /* Base */ = {isa = PBXFileReference; lastKnownFileType = file.storyboard; name = Base; path = Base.lproj/Main.storyboard; sourceTree = "<group>"; };
		5FDECA59291E7C7400AF8AFD /* Assets.xcassets */ = {isa = PBXFileReference; lastKnownFileType = folder.assetcatalog; path = Assets.xcassets; sourceTree = "<group>"; };
		5FDECA5C291E7C7400AF8AFD /* Base */ = {isa = PBXFileReference; lastKnownFileType = file.storyboard; name = Base; path = Base.lproj/LaunchScreen.storyboard; sourceTree = "<group>"; };
		5FDECA5E291E7C7400AF8AFD /* Info.plist */ = {isa = PBXFileReference; lastKnownFileType = text.plist.xml; path = Info.plist; sourceTree = "<group>"; };
/* End PBXFileReference section */

/* Begin PBXFrameworksBuildPhase section */
		5FDECA4A291E7C7400AF8AFD /* Frameworks */ = {
			isa = PBXFrameworksBuildPhase;
			buildActionMask = 2147483647;
			files = (
			);
			runOnlyForDeploymentPostprocessing = 0;
		};
/* End PBXFrameworksBuildPhase section */

/* Begin PBXGroup section */
		5F7B4265291F7755006D263C /* App */ = {
			isa = PBXGroup;
			children = (
				5FDECA50291E7C7400AF8AFD /* AppDelegate.swift */,
				5FDECA52291E7C7400AF8AFD /* SceneDelegate.swift */,
				5FDECA5E291E7C7400AF8AFD /* Info.plist */,
			);
			path = App;
			sourceTree = "<group>";
		};
		5F7B4266291F776B006D263C /* ViewControllers */ = {
			isa = PBXGroup;
			children = (
				5FDECA54291E7C7400AF8AFD /* QuestionsViewController.swift */,
				5F7B426A291F7EE6006D263C /* ResultViewController.swift */,
			);
			path = ViewControllers;
			sourceTree = "<group>";
		};
		5F7B4267291F7798006D263C /* Storyboards */ = {
			isa = PBXGroup;
			children = (
				5FDECA56291E7C7400AF8AFD /* Main.storyboard */,
				5FDECA5B291E7C7400AF8AFD /* LaunchScreen.storyboard */,
			);
			path = Storyboards;
			sourceTree = "<group>";
		};
		5F7B4268291F77B1006D263C /* Models */ = {
			isa = PBXGroup;
			children = (
				5F7B4263291F7744006D263C /* Questions.swift */,
			);
			path = Models;
			sourceTree = "<group>";
		};
		5F7B4269291F77C5006D263C /* Resources */ = {
			isa = PBXGroup;
			children = (
				5FDECA59291E7C7400AF8AFD /* Assets.xcassets */,
			);
			path = Resources;
			sourceTree = "<group>";
		};
		5FDECA44291E7C7400AF8AFD = {
			isa = PBXGroup;
			children = (
				5F7B4261291F7606006D263C /* .gitignore */,
				5FDECA4F291E7C7400AF8AFD /* PersonalQuiz_HW8 */,
				5FDECA4E291E7C7400AF8AFD /* Products */,
			);
			sourceTree = "<group>";
		};
		5FDECA4E291E7C7400AF8AFD /* Products */ = {
			isa = PBXGroup;
			children = (
				5FDECA4D291E7C7400AF8AFD /* PersonalQuiz_HW8.app */,
			);
			name = Products;
			sourceTree = "<group>";
		};
		5FDECA4F291E7C7400AF8AFD /* PersonalQuiz_HW8 */ = {
			isa = PBXGroup;
			children = (
				5F7B4265291F7755006D263C /* App */,
				5F7B4266291F776B006D263C /* ViewControllers */,
				5F7B4268291F77B1006D263C /* Models */,
				5F7B4267291F7798006D263C /* Storyboards */,
				5F7B4269291F77C5006D263C /* Resources */,
			);
			path = PersonalQuiz_HW8;
			sourceTree = "<group>";
		};
/* End PBXGroup section */

/* Begin PBXNativeTarget section */
		5FDECA4C291E7C7400AF8AFD /* PersonalQuiz_HW8 */ = {
			isa = PBXNativeTarget;
			buildConfigurationList = 5FDECA61291E7C7400AF8AFD /* Build configuration list for PBXNativeTarget "PersonalQuiz_HW8" */;
			buildPhases = (
				5FDECA49291E7C7400AF8AFD /* Sources */,
				5FDECA4A291E7C7400AF8AFD /* Frameworks */,
				5FDECA4B291E7C7400AF8AFD /* Resources */,
			);
			buildRules = (
			);
			dependencies = (
			);
			name = PersonalQuiz_HW8;
			productName = PersonalQuiz_HW8;
			productReference = 5FDECA4D291E7C7400AF8AFD /* PersonalQuiz_HW8.app */;
			productType = "com.apple.product-type.application";
		};
/* End PBXNativeTarget section */

/* Begin PBXProject section */
		5FDECA45291E7C7400AF8AFD /* Project object */ = {
			isa = PBXProject;
			attributes = {
				BuildIndependentTargetsInParallel = 1;
				LastSwiftUpdateCheck = 1410;
				LastUpgradeCheck = 1410;
				TargetAttributes = {
					5FDECA4C291E7C7400AF8AFD = {
						CreatedOnToolsVersion = 14.1;
					};
				};
			};
			buildConfigurationList = 5FDECA48291E7C7400AF8AFD /* Build configuration list for PBXProject "PersonalQuiz_HW8" */;
			compatibilityVersion = "Xcode 14.0";
			developmentRegion = en;
			hasScannedForEncodings = 0;
			knownRegions = (
				en,
				Base,
			);
			mainGroup = 5FDECA44291E7C7400AF8AFD;
			productRefGroup = 5FDECA4E291E7C7400AF8AFD /* Products */;
			projectDirPath = "";
			projectRoot = "";
			targets = (
				5FDECA4C291E7C7400AF8AFD /* PersonalQuiz_HW8 */,
			);
		};
/* End PBXProject section */

/* Begin PBXResourcesBuildPhase section */
		5FDECA4B291E7C7400AF8AFD /* Resources */ = {
			isa = PBXResourcesBuildPhase;
			buildActionMask = 2147483647;
			files = (
				5F7B4262291F7606006D263C /* .gitignore in Resources */,
				5FDECA5D291E7C7400AF8AFD /* LaunchScreen.storyboard in Resources */,
				5FDECA5A291E7C7400AF8AFD /* Assets.xcassets in Resources */,
				5FDECA58291E7C7400AF8AFD /* Main.storyboard in Resources */,
			);
			runOnlyForDeploymentPostprocessing = 0;
		};
/* End PBXResourcesBuildPhase section */

/* Begin PBXSourcesBuildPhase section */
		5FDECA49291E7C7400AF8AFD /* Sources */ = {
			isa = PBXSourcesBuildPhase;
			buildActionMask = 2147483647;
			files = (
				5F7B426B291F7EE6006D263C /* ResultViewController.swift in Sources */,
				5FDECA55291E7C7400AF8AFD /* QuestionsViewController.swift in Sources */,
				5F7B4264291F7744006D263C /* Questions.swift in Sources */,
				5FDECA51291E7C7400AF8AFD /* AppDelegate.swift in Sources */,
				5FDECA53291E7C7400AF8AFD /* SceneDelegate.swift in Sources */,
			);
			runOnlyForDeploymentPostprocessing = 0;
		};
/* End PBXSourcesBuildPhase section */

/* Begin PBXVariantGroup section */
		5FDECA56291E7C7400AF8AFD /* Main.storyboard */ = {
			isa = PBXVariantGroup;
			children = (
				5FDECA57291E7C7400AF8AFD /* Base */,
			);
			name = Main.storyboard;
			sourceTree = "<group>";
		};
		5FDECA5B291E7C7400AF8AFD /* LaunchScreen.storyboard */ = {
			isa = PBXVariantGroup;
			children = (
				5FDECA5C291E7C7400AF8AFD /* Base */,
			);
			name = LaunchScreen.storyboard;
			sourceTree = "<group>";
		};
/* End PBXVariantGroup section */

/* Begin XCBuildConfiguration section */
		5FDECA5F291E7C7400AF8AFD /* Debug */ = {
			isa = XCBuildConfiguration;
			buildSettings = {
				ALWAYS_SEARCH_USER_PATHS = NO;
				CLANG_ANALYZER_NONNULL = YES;
				CLANG_ANALYZER_NUMBER_OBJECT_CONVERSION = YES_AGGRESSIVE;
				CLANG_CXX_LANGUAGE_STANDARD = "gnu++20";
				CLANG_ENABLE_MODULES = YES;
				CLANG_ENABLE_OBJC_ARC = YES;
				CLANG_ENABLE_OBJC_WEAK = YES;
				CLANG_WARN_BLOCK_CAPTURE_AUTORELEASING = YES;
				CLANG_WARN_BOOL_CONVERSION = YES;
				CLANG_WARN_COMMA = YES;
				CLANG_WARN_CONSTANT_CONVERSION = YES;
				CLANG_WARN_DEPRECATED_OBJC_IMPLEMENTATIONS = YES;
				CLANG_WARN_DIRECT_OBJC_ISA_USAGE = YES_ERROR;
				CLANG_WARN_DOCUMENTATION_COMMENTS = YES;
				CLANG_WARN_EMPTY_BODY = YES;
				CLANG_WARN_ENUM_CONVERSION = YES;
				CLANG_WARN_INFINITE_RECURSION = YES;
				CLANG_WARN_INT_CONVERSION = YES;
				CLANG_WARN_NON_LITERAL_NULL_CONVERSION = YES;
				CLANG_WARN_OBJC_IMPLICIT_RETAIN_SELF = YES;
				CLANG_WARN_OBJC_LITERAL_CONVERSION = YES;
				CLANG_WARN_OBJC_ROOT_CLASS = YES_ERROR;
				CLANG_WARN_QUOTED_INCLUDE_IN_FRAMEWORK_HEADER = YES;
				CLANG_WARN_RANGE_LOOP_ANALYSIS = YES;
				CLANG_WARN_STRICT_PROTOTYPES = YES;
				CLANG_WARN_SUSPICIOUS_MOVE = YES;
				CLANG_WARN_UNGUARDED_AVAILABILITY = YES_AGGRESSIVE;
				CLANG_WARN_UNREACHABLE_CODE = YES;
				CLANG_WARN__DUPLICATE_METHOD_MATCH = YES;
				COPY_PHASE_STRIP = NO;
				DEBUG_INFORMATION_FORMAT = dwarf;
				ENABLE_STRICT_OBJC_MSGSEND = YES;
				ENABLE_TESTABILITY = YES;
				GCC_C_LANGUAGE_STANDARD = gnu11;
				GCC_DYNAMIC_NO_PIC = NO;
				GCC_NO_COMMON_BLOCKS = YES;
				GCC_OPTIMIZATION_LEVEL = 0;
				GCC_PREPROCESSOR_DEFINITIONS = (
					"DEBUG=1",
					"$(inherited)",
				);
				GCC_WARN_64_TO_32_BIT_CONVERSION = YES;
				GCC_WARN_ABOUT_RETURN_TYPE = YES_ERROR;
				GCC_WARN_UNDECLARED_SELECTOR = YES;
				GCC_WARN_UNINITIALIZED_AUTOS = YES_AGGRESSIVE;
				GCC_WARN_UNUSED_FUNCTION = YES;
				GCC_WARN_UNUSED_VARIABLE = YES;
				IPHONEOS_DEPLOYMENT_TARGET = 16.1;
				MTL_ENABLE_DEBUG_INFO = INCLUDE_SOURCE;
				MTL_FAST_MATH = YES;
				ONLY_ACTIVE_ARCH = YES;
				SDKROOT = iphoneos;
				SWIFT_ACTIVE_COMPILATION_CONDITIONS = DEBUG;
				SWIFT_OPTIMIZATION_LEVEL = "-Onone";
			};
			name = Debug;
		};
		5FDECA60291E7C7400AF8AFD /* Release */ = {
			isa = XCBuildConfiguration;
			buildSettings = {
				ALWAYS_SEARCH_USER_PATHS = NO;
				CLANG_ANALYZER_NONNULL = YES;
				CLANG_ANALYZER_NUMBER_OBJECT_CONVERSION = YES_AGGRESSIVE;
				CLANG_CXX_LANGUAGE_STANDARD = "gnu++20";
				CLANG_ENABLE_MODULES = YES;
				CLANG_ENABLE_OBJC_ARC = YES;
				CLANG_ENABLE_OBJC_WEAK = YES;
				CLANG_WARN_BLOCK_CAPTURE_AUTORELEASING = YES;
				CLANG_WARN_BOOL_CONVERSION = YES;
				CLANG_WARN_COMMA = YES;
				CLANG_WARN_CONSTANT_CONVERSION = YES;
				CLANG_WARN_DEPRECATED_OBJC_IMPLEMENTATIONS = YES;
				CLANG_WARN_DIRECT_OBJC_ISA_USAGE = YES_ERROR;
				CLANG_WARN_DOCUMENTATION_COMMENTS = YES;
				CLANG_WARN_EMPTY_BODY = YES;
				CLANG_WARN_ENUM_CONVERSION = YES;
				CLANG_WARN_INFINITE_RECURSION = YES;
				CLANG_WARN_INT_CONVERSION = YES;
				CLANG_WARN_NON_LITERAL_NULL_CONVERSION = YES;
				CLANG_WARN_OBJC_IMPLICIT_RETAIN_SELF = YES;
				CLANG_WARN_OBJC_LITERAL_CONVERSION = YES;
				CLANG_WARN_OBJC_ROOT_CLASS = YES_ERROR;
				CLANG_WARN_QUOTED_INCLUDE_IN_FRAMEWORK_HEADER = YES;
				CLANG_WARN_RANGE_LOOP_ANALYSIS = YES;
				CLANG_WARN_STRICT_PROTOTYPES = YES;
				CLANG_WARN_SUSPICIOUS_MOVE = YES;
				CLANG_WARN_UNGUARDED_AVAILABILITY = YES_AGGRESSIVE;
				CLANG_WARN_UNREACHABLE_CODE = YES;
				CLANG_WARN__DUPLICATE_METHOD_MATCH = YES;
				COPY_PHASE_STRIP = NO;
				DEBUG_INFORMATION_FORMAT = "dwarf-with-dsym";
				ENABLE_NS_ASSERTIONS = NO;
				ENABLE_STRICT_OBJC_MSGSEND = YES;
				GCC_C_LANGUAGE_STANDARD = gnu11;
				GCC_NO_COMMON_BLOCKS = YES;
				GCC_WARN_64_TO_32_BIT_CONVERSION = YES;
				GCC_WARN_ABOUT_RETURN_TYPE = YES_ERROR;
				GCC_WARN_UNDECLARED_SELECTOR = YES;
				GCC_WARN_UNINITIALIZED_AUTOS = YES_AGGRESSIVE;
				GCC_WARN_UNUSED_FUNCTION = YES;
				GCC_WARN_UNUSED_VARIABLE = YES;
				IPHONEOS_DEPLOYMENT_TARGET = 16.1;
				MTL_ENABLE_DEBUG_INFO = NO;
				MTL_FAST_MATH = YES;
				SDKROOT = iphoneos;
				SWIFT_COMPILATION_MODE = wholemodule;
				SWIFT_OPTIMIZATION_LEVEL = "-O";
				VALIDATE_PRODUCT = YES;
			};
			name = Release;
		};
		5FDECA62291E7C7400AF8AFD /* Debug */ = {
			isa = XCBuildConfiguration;
			buildSettings = {
				ASSETCATALOG_COMPILER_APPICON_NAME = AppIcon;
				ASSETCATALOG_COMPILER_GLOBAL_ACCENT_COLOR_NAME = AccentColor;
				CODE_SIGN_STYLE = Automatic;
				CURRENT_PROJECT_VERSION = 1;
				DEVELOPMENT_TEAM = 4RJ3J5RA5L;
				GENERATE_INFOPLIST_FILE = YES;
				INFOPLIST_FILE = PersonalQuiz_HW8/App/Info.plist;
				INFOPLIST_KEY_UIApplicationSupportsIndirectInputEvents = YES;
				INFOPLIST_KEY_UILaunchStoryboardName = LaunchScreen;
				INFOPLIST_KEY_UIMainStoryboardFile = Main;
				INFOPLIST_KEY_UISupportedInterfaceOrientations = UIInterfaceOrientationPortrait;
				INFOPLIST_KEY_UISupportedInterfaceOrientations_iPad = "UIInterfaceOrientationLandscapeLeft UIInterfaceOrientationLandscapeRight UIInterfaceOrientationPortrait UIInterfaceOrientationPortraitUpsideDown";
				LD_RUNPATH_SEARCH_PATHS = (
					"$(inherited)",
					"@executable_path/Frameworks",
				);
				MARKETING_VERSION = 1.0;
				PRODUCT_BUNDLE_IDENTIFIER = "com.alishermalikov.PersonalQuiz-HW8";
				PRODUCT_NAME = "$(TARGET_NAME)";
				SUPPORTED_PLATFORMS = "iphoneos iphonesimulator";
				SUPPORTS_MACCATALYST = NO;
				SUPPORTS_MAC_DESIGNED_FOR_IPHONE_IPAD = YES;
				SWIFT_EMIT_LOC_STRINGS = YES;
				SWIFT_VERSION = 5.0;
				TARGETED_DEVICE_FAMILY = 1;
			};
			name = Debug;
		};
		5FDECA63291E7C7400AF8AFD /* Release */ = {
			isa = XCBuildConfiguration;
			buildSettings = {
				ASSETCATALOG_COMPILER_APPICON_NAME = AppIcon;
				ASSETCATALOG_COMPILER_GLOBAL_ACCENT_COLOR_NAME = AccentColor;
				CODE_SIGN_STYLE = Automatic;
				CURRENT_PROJECT_VERSION = 1;
				DEVELOPMENT_TEAM = 4RJ3J5RA5L;
				GENERATE_INFOPLIST_FILE = YES;
				INFOPLIST_FILE = PersonalQuiz_HW8/App/Info.plist;
				INFOPLIST_KEY_UIApplicationSupportsIndirectInputEvents = YES;
				INFOPLIST_KEY_UILaunchStoryboardName = LaunchScreen;
				INFOPLIST_KEY_UIMainStoryboardFile = Main;
				INFOPLIST_KEY_UISupportedInterfaceOrientations = UIInterfaceOrientationPortrait;
				INFOPLIST_KEY_UISupportedInterfaceOrientations_iPad = "UIInterfaceOrientationLandscapeLeft UIInterfaceOrientationLandscapeRight UIInterfaceOrientationPortrait UIInterfaceOrientationPortraitUpsideDown";
				LD_RUNPATH_SEARCH_PATHS = (
					"$(inherited)",
					"@executable_path/Frameworks",
				);
				MARKETING_VERSION = 1.0;
				PRODUCT_BUNDLE_IDENTIFIER = "com.alishermalikov.PersonalQuiz-HW8";
				PRODUCT_NAME = "$(TARGET_NAME)";
				SUPPORTED_PLATFORMS = "iphoneos iphonesimulator";
				SUPPORTS_MACCATALYST = NO;
				SUPPORTS_MAC_DESIGNED_FOR_IPHONE_IPAD = YES;
				SWIFT_EMIT_LOC_STRINGS = YES;
				SWIFT_VERSION = 5.0;
				TARGETED_DEVICE_FAMILY = 1;
			};
			name = Release;
		};
/* End XCBuildConfiguration section */

/* Begin XCConfigurationList section */
		5FDECA48291E7C7400AF8AFD /* Build configuration list for PBXProject "PersonalQuiz_HW8" */ = {
			isa = XCConfigurationList;
			buildConfigurations = (
				5FDECA5F291E7C7400AF8AFD /* Debug */,
				5FDECA60291E7C7400AF8AFD /* Release */,
			);
			defaultConfigurationIsVisible = 0;
			defaultConfigurationName = Release;
		};
		5FDECA61291E7C7400AF8AFD /* Build configuration list for PBXNativeTarget "PersonalQuiz_HW8" */ = {
			isa = XCConfigurationList;
			buildConfigurations = (
				5FDECA62291E7C7400AF8AFD /* Debug */,
				5FDECA63291E7C7400AF8AFD /* Release */,
			);
			defaultConfigurationIsVisible = 0;
			defaultConfigurationName = Release;
		};
/* End XCConfigurationList section */
	};
	rootObject = 5FDECA45291E7C7400AF8AFD /* Project object */;
}
